
Microsoft Visual Studio Solution File, Format Version 12.00
# Visual Studio Version 16
VisualStudioVersion = 16.0.31729.503
MinimumVisualStudioVersion = 10.0.40219.1
Project("{FAE04EC0-301F-11D3-BF4B-00C04F79EFBC}") = "Nagle.BaseballTests", "Nagle.BaseballTests\Nagle.BaseballTests.csproj", "{57BB3934-2CF4-465D-B52F-7E4B8D36777D}"
EndProject
Project("{FAE04EC0-301F-11D3-BF4B-00C04F79EFBC}") = "Nagle.Baseball.Core", "Nagle.Baseball.Core\Nagle.Baseball.Core.csproj", "{0A8D62C5-0B3A-49A4-8269-2D813107E936}"
EndProject
Global
	GlobalSection(SolutionConfigurationPlatforms) = preSolution
		Debug|Any CPU = Debug|Any CPU
		Release|Any CPU = Release|Any CPU
	EndGlobalSection
	GlobalSection(ProjectConfigurationPlatforms) = postSolution
		{57BB3934-2CF4-465D-B52F-7E4B8D36777D}.Debug|Any CPU.ActiveCfg = Debug|Any CPU
		{57BB3934-2CF4-465D-B52F-7E4B8D36777D}.Debug|Any CPU.Build.0 = Debug|Any CPU
		{57BB3934-2CF4-465D-B52F-7E4B8D36777D}.Release|Any CPU.ActiveCfg = Release|Any CPU
		{57BB3934-2CF4-465D-B52F-7E4B8D36777D}.Release|Any CPU.Build.0 = Release|Any CPU
		{0A8D62C5-0B3A-49A4-8269-2D813107E936}.Debug|Any CPU.ActiveCfg = Debug|Any CPU
		{0A8D62C5-0B3A-49A4-8269-2D813107E936}.Debug|Any CPU.Build.0 = Debug|Any CPU
		{0A8D62C5-0B3A-49A4-8269-2D813107E936}.Release|Any CPU.ActiveCfg = Release|Any CPU
		{0A8D62C5-0B3A-49A4-8269-2D813107E936}.Release|Any CPU.Build.0 = Release|Any CPU
	EndGlobalSection
	GlobalSection(SolutionProperties) = preSolution
		HideSolutionNode = FALSE
	EndGlobalSection
	GlobalSection(ExtensibilityGlobals) = postSolution
		SolutionGuid = {22C4A786-F4C9-42D1-BC75-3F3085D9CF0B}
	EndGlobalSection
EndGlobal
